{
  "name": "@deskthing/client",
  "version": "0.10.9",
  "lockfileVersion": 3,
  "requires": true,
  "packages": {
    "": {
      "name": "@deskthing/client",
      "version": "0.10.9",
      "license": "MIT",
      "devDependencies": {
        "@deskthing/types": "^0.10.17",
        "@types/node": "^22.2.0",
        "typescript": "^5.5.4"
      }
    },
    "node_modules/@deskthing/types": {
      "version": "0.10.17",
      "resolved": "https://registry.npmjs.org/@deskthing/types/-/types-0.10.17.tgz",
      "integrity": "sha512-RJ4eq/wo8xFxj/YqINcI0Iq1MjDw6qk7R7sBeJJe1SQRLT9gN4CZjYp/EpzSQDcCxwwkAPHD+ogW/CcJY6FXYA==",
      "dev": true,
      "license": "ISC"
    },
    "node_modules/@types/node": {
      "version": "22.2.0",
      "resolved": "https://registry.npmjs.org/@types/node/-/node-22.2.0.tgz",
      "integrity": "sha512-bm6EG6/pCpkxDf/0gDNDdtDILMOHgaQBVOJGdwsqClnxA3xL6jtMv76rLBc006RVMWbmaf0xbmom4Z/5o2nRkQ==",
      "dev": true,
      "license": "MIT",
      "dependencies": {
        "undici-types": "~6.13.0"
      }
    },
    "node_modules/typescript": {
      "version": "5.5.4",
      "resolved": "https://registry.npmjs.org/typescript/-/typescript-5.5.4.tgz",
      "integrity": "sha512-Mtq29sKDAEYP7aljRgtPOpTvOfbwRWlS6dPRzwjdE+C0R4brX/GUyhHSecbHMFLNBLcJIPt9nl9yG5TZ1weH+Q==",
      "dev": true,
      "license": "Apache-2.0",
      "bin": {
        "tsc": "bin/tsc",
        "tsserver": "bin/tsserver"
      },
      "engines": {
        "node": ">=14.17"
      }
    },
    "node_modules/undici-types": {
      "version": "6.13.0",
      "resolved": "https://registry.npmjs.org/undici-types/-/undici-types-6.13.0.tgz",
      "integrity": "sha512-xtFJHudx8S2DSoujjMd1WeWvn7KKWFRESZTMeL1RptAYERu29D6jphMjjY+vn96jvN3kVPDNxU/E13VTaXj6jg==",
      "dev": true,
      "license": "MIT"
    }
  }
}
